
Microsoft Visual Studio Solution File, Format Version 12.00
# Visual Studio Version 17
VisualStudioVersion = 17.5.33516.290
MinimumVisualStudioVersion = 10.0.40219.1
Project("{FAE04EC0-301F-11D3-BF4B-00C04F79EFBC}") = "CodeFirstApi", "CodeFirstApi\CodeFirstApi.csproj", "{7ABAC918-2EF8-4919-8A9D-D7DBBE7D89DD}"
EndProject
Project("{FAE04EC0-301F-11D3-BF4B-00C04F79EFBC}") = "DBMovies", "DBMovies\DBMovies.csproj", "{3C66A063-E0D2-4B74-8962-C72DE3CFA411}"
EndProject
Global
	GlobalSection(SolutionConfigurationPlatforms) = preSolution
		Debug|Any CPU = Debug|Any CPU
		Release|Any CPU = Release|Any CPU
	EndGlobalSection
	GlobalSection(ProjectConfigurationPlatforms) = postSolution
		{7ABAC918-2EF8-4919-8A9D-D7DBBE7D89DD}.Debug|Any CPU.ActiveCfg = Debug|Any CPU
		{7ABAC918-2EF8-4919-8A9D-D7DBBE7D89DD}.Debug|Any CPU.Build.0 = Debug|Any CPU
		{7ABAC918-2EF8-4919-8A9D-D7DBBE7D89DD}.Release|Any CPU.ActiveCfg = Release|Any CPU
		{7ABAC918-2EF8-4919-8A9D-D7DBBE7D89DD}.Release|Any CPU.Build.0 = Release|Any CPU
		{3C66A063-E0D2-4B74-8962-C72DE3CFA411}.Debug|Any CPU.ActiveCfg = Debug|Any CPU
		{3C66A063-E0D2-4B74-8962-C72DE3CFA411}.Debug|Any CPU.Build.0 = Debug|Any CPU
		{3C66A063-E0D2-4B74-8962-C72DE3CFA411}.Release|Any CPU.ActiveCfg = Release|Any CPU
		{3C66A063-E0D2-4B74-8962-C72DE3CFA411}.Release|Any CPU.Build.0 = Release|Any CPU
	EndGlobalSection
	GlobalSection(SolutionProperties) = preSolution
		HideSolutionNode = FALSE
	EndGlobalSection
	GlobalSection(ExtensibilityGlobals) = postSolution
		SolutionGuid = {3869D1B1-E15B-4DF6-A550-8B3BEB248563}
	EndGlobalSection
EndGlobal
